
Microsoft Visual Studio Solution File, Format Version 12.00
# Visual Studio 2013
VisualStudioVersion = 12.0.31101.0
MinimumVisualStudioVersion = 10.0.40219.1
Project("{FAE04EC0-301F-11D3-BF4B-00C04F79EFBC}") = "TextureSpliter", "TextureSpliter\TextureSpliter.csproj", "{028F9A1C-8EC5-4643-9B0C-A4F6BCFEFA3A}"
EndProject
Global
	GlobalSection(SolutionConfigurationPlatforms) = preSolution
		Debug|Any CPU = Debug|Any CPU
		Release|Any CPU = Release|Any CPU
	EndGlobalSection
	GlobalSection(ProjectConfigurationPlatforms) = postSolution
		{028F9A1C-8EC5-4643-9B0C-A4F6BCFEFA3A}.Debug|Any CPU.ActiveCfg = Debug|Any CPU
		{028F9A1C-8EC5-4643-9B0C-A4F6BCFEFA3A}.Debug|Any CPU.Build.0 = Debug|Any CPU
		{028F9A1C-8EC5-4643-9B0C-A4F6BCFEFA3A}.Release|Any CPU.ActiveCfg = Release|Any CPU
		{028F9A1C-8EC5-4643-9B0C-A4F6BCFEFA3A}.Release|Any CPU.Build.0 = Release|Any CPU
	EndGlobalSection
	GlobalSection(SolutionProperties) = preSolution
		HideSolutionNode = FALSE
	EndGlobalSection
EndGlobal
